
Microsoft Visual Studio Solution File, Format Version 12.00
# Visual Studio 15
VisualStudioVersion = 15.0.28307.645
MinimumVisualStudioVersion = 10.0.40219.1
Project("{159641D6-6404-4A2A-AE62-294DE0FE8301}") = "Integration Services Project12", "Integration Services Project12\Integration Services Project12.dtproj", "{0FF8D22A-3F36-41D3-A545-F78B17003D6B}"
EndProject
Global
	GlobalSection(SolutionConfigurationPlatforms) = preSolution
		Development|Default = Development|Default
	EndGlobalSection
	GlobalSection(ProjectConfigurationPlatforms) = postSolution
		{0FF8D22A-3F36-41D3-A545-F78B17003D6B}.Development|Default.ActiveCfg = Development
		{0FF8D22A-3F36-41D3-A545-F78B17003D6B}.Development|Default.Build.0 = Development
	EndGlobalSection
	GlobalSection(SolutionProperties) = preSolution
		HideSolutionNode = FALSE
	EndGlobalSection
	GlobalSection(ExtensibilityGlobals) = postSolution
		SolutionGuid = {DADBE7AF-6A0C-408A-808B-FD41432C6379}
	EndGlobalSection
EndGlobal
