
Microsoft Visual Studio Solution File, Format Version 12.00
# Visual Studio 15
VisualStudioVersion = 15.0.28307.489
MinimumVisualStudioVersion = 10.0.40219.1
Project("{D2ABAB84-BF74-430A-B69E-9DC6D40DDA17}") = "HD_11.04sprzedarzTradycyjna", "HD_11.04sprzedarzTradycyjna\HD_11.04sprzedarzTradycyjna.dwproj", "{567D3FFC-F2F1-4ED5-B9B9-7796708B110A}"
EndProject
Global
	GlobalSection(SolutionConfigurationPlatforms) = preSolution
		Development|Default = Development|Default
	EndGlobalSection
	GlobalSection(ProjectConfigurationPlatforms) = postSolution
		{567D3FFC-F2F1-4ED5-B9B9-7796708B110A}.Development|Default.ActiveCfg = Development
		{567D3FFC-F2F1-4ED5-B9B9-7796708B110A}.Development|Default.Build.0 = Development
		{567D3FFC-F2F1-4ED5-B9B9-7796708B110A}.Development|Default.Deploy.0 = Development
	EndGlobalSection
	GlobalSection(SolutionProperties) = preSolution
		HideSolutionNode = FALSE
	EndGlobalSection
	GlobalSection(ExtensibilityGlobals) = postSolution
		SolutionGuid = {97EA15D9-60E7-4590-84D4-64FBD481C710}
	EndGlobalSection
EndGlobal
