
Microsoft Visual Studio Solution File, Format Version 12.00
# Visual Studio 15
VisualStudioVersion = 15.0.28307.489
MinimumVisualStudioVersion = 10.0.40219.1
Project("{D2ABAB84-BF74-430A-B69E-9DC6D40DDA17}") = "HDlabPoSprawku5", "HDlabPoSprawku5\HDlabPoSprawku5.dwproj", "{686A4A27-DCB9-4710-B7CA-CDA059524603}"
EndProject
Global
	GlobalSection(SolutionConfigurationPlatforms) = preSolution
		Development|Default = Development|Default
	EndGlobalSection
	GlobalSection(ProjectConfigurationPlatforms) = postSolution
		{686A4A27-DCB9-4710-B7CA-CDA059524603}.Development|Default.ActiveCfg = Development
		{686A4A27-DCB9-4710-B7CA-CDA059524603}.Development|Default.Build.0 = Development
		{686A4A27-DCB9-4710-B7CA-CDA059524603}.Development|Default.Deploy.0 = Development
	EndGlobalSection
	GlobalSection(SolutionProperties) = preSolution
		HideSolutionNode = FALSE
	EndGlobalSection
	GlobalSection(ExtensibilityGlobals) = postSolution
		SolutionGuid = {B6339B7F-5040-45ED-B272-EA577C31328C}
	EndGlobalSection
EndGlobal
