
Microsoft Visual Studio Solution File, Format Version 12.00
# Visual Studio 15
VisualStudioVersion = 15.0.28307.645
MinimumVisualStudioVersion = 10.0.40219.1
Project("{D2ABAB84-BF74-430A-B69E-9DC6D40DDA17}") = "kostka2", "kostka2\kostka2.dwproj", "{5E553B97-BBC0-4134-A315-200DD4FC633B}"
EndProject
Global
	GlobalSection(SolutionConfigurationPlatforms) = preSolution
		Development|Default = Development|Default
	EndGlobalSection
	GlobalSection(ProjectConfigurationPlatforms) = postSolution
		{5E553B97-BBC0-4134-A315-200DD4FC633B}.Development|Default.ActiveCfg = Development
		{5E553B97-BBC0-4134-A315-200DD4FC633B}.Development|Default.Build.0 = Development
		{5E553B97-BBC0-4134-A315-200DD4FC633B}.Development|Default.Deploy.0 = Development
	EndGlobalSection
	GlobalSection(SolutionProperties) = preSolution
		HideSolutionNode = FALSE
	EndGlobalSection
	GlobalSection(ExtensibilityGlobals) = postSolution
		SolutionGuid = {59E9E909-826A-41D2-8B99-C2C2A35DEA07}
	EndGlobalSection
EndGlobal
