
Microsoft Visual Studio Solution File, Format Version 12.00
# Visual Studio 15
VisualStudioVersion = 15.0.28307.489
MinimumVisualStudioVersion = 10.0.40219.1
Project("{159641D6-6404-4A2A-AE62-294DE0FE8301}") = "Integration Services Project_4.04.2019", "Integration Services Project_4.04.2019\Integration Services Project_4.04.2019.dtproj", "{71DF13A3-CE48-4424-87FA-33A5FB8BB5FE}"
EndProject
Global
	GlobalSection(SolutionConfigurationPlatforms) = preSolution
		Development|Default = Development|Default
	EndGlobalSection
	GlobalSection(ProjectConfigurationPlatforms) = postSolution
		{71DF13A3-CE48-4424-87FA-33A5FB8BB5FE}.Development|Default.ActiveCfg = Development
		{71DF13A3-CE48-4424-87FA-33A5FB8BB5FE}.Development|Default.Build.0 = Development
	EndGlobalSection
	GlobalSection(SolutionProperties) = preSolution
		HideSolutionNode = FALSE
	EndGlobalSection
	GlobalSection(ExtensibilityGlobals) = postSolution
		SolutionGuid = {124A7D82-1C14-4FA3-8902-10A7111375C7}
	EndGlobalSection
EndGlobal
