
Microsoft Visual Studio Solution File, Format Version 12.00
# Visual Studio 15
VisualStudioVersion = 15.0.28307.489
MinimumVisualStudioVersion = 10.0.40219.1
Project("{D2ABAB84-BF74-430A-B69E-9DC6D40DDA17}") = "MultidimensionalProject1", "MultidimensionalProject1\MultidimensionalProject1.dwproj", "{8A4F029A-0875-495B-ACE7-C9EDE01533E5}"
EndProject
Global
	GlobalSection(SolutionConfigurationPlatforms) = preSolution
		Development|Default = Development|Default
	EndGlobalSection
	GlobalSection(ProjectConfigurationPlatforms) = postSolution
		{8A4F029A-0875-495B-ACE7-C9EDE01533E5}.Development|Default.ActiveCfg = Development
		{8A4F029A-0875-495B-ACE7-C9EDE01533E5}.Development|Default.Build.0 = Development
		{8A4F029A-0875-495B-ACE7-C9EDE01533E5}.Development|Default.Deploy.0 = Development
	EndGlobalSection
	GlobalSection(SolutionProperties) = preSolution
		HideSolutionNode = FALSE
	EndGlobalSection
	GlobalSection(ExtensibilityGlobals) = postSolution
		SolutionGuid = {7EA7D26F-4416-4A0C-AEEC-89C374DCD180}
	EndGlobalSection
EndGlobal
