
Microsoft Visual Studio Solution File, Format Version 12.00
# Visual Studio 15
VisualStudioVersion = 15.0.28307.489
MinimumVisualStudioVersion = 10.0.40219.1
Project("{D2ABAB84-BF74-430A-B69E-9DC6D40DDA17}") = "HD_poSprawku5", "HD_poSprawku5\HD_poSprawku5.dwproj", "{59F8BD31-A038-4DA2-AED0-3E99ADF62EB7}"
EndProject
Global
	GlobalSection(SolutionConfigurationPlatforms) = preSolution
		Development|Default = Development|Default
	EndGlobalSection
	GlobalSection(ProjectConfigurationPlatforms) = postSolution
		{59F8BD31-A038-4DA2-AED0-3E99ADF62EB7}.Development|Default.ActiveCfg = Development
		{59F8BD31-A038-4DA2-AED0-3E99ADF62EB7}.Development|Default.Build.0 = Development
		{59F8BD31-A038-4DA2-AED0-3E99ADF62EB7}.Development|Default.Deploy.0 = Development
	EndGlobalSection
	GlobalSection(SolutionProperties) = preSolution
		HideSolutionNode = FALSE
	EndGlobalSection
	GlobalSection(ExtensibilityGlobals) = postSolution
		SolutionGuid = {A8956DE4-9951-4729-A46A-2F36C32DE6B0}
	EndGlobalSection
EndGlobal
