
Microsoft Visual Studio Solution File, Format Version 12.00
# Visual Studio 15
VisualStudioVersion = 15.0.28307.489
MinimumVisualStudioVersion = 10.0.40219.1
Project("{159641D6-6404-4A2A-AE62-294DE0FE8301}") = "Integration Services Project6", "Integration Services Project6\Integration Services Project6.dtproj", "{C2243CBA-60D8-460A-90F1-D1A114B11BDA}"
EndProject
Global
	GlobalSection(SolutionConfigurationPlatforms) = preSolution
		Development|Default = Development|Default
	EndGlobalSection
	GlobalSection(ProjectConfigurationPlatforms) = postSolution
		{C2243CBA-60D8-460A-90F1-D1A114B11BDA}.Development|Default.ActiveCfg = Development
		{C2243CBA-60D8-460A-90F1-D1A114B11BDA}.Development|Default.Build.0 = Development
	EndGlobalSection
	GlobalSection(SolutionProperties) = preSolution
		HideSolutionNode = FALSE
	EndGlobalSection
	GlobalSection(ExtensibilityGlobals) = postSolution
		SolutionGuid = {042DF2E7-6BD3-49F4-93C3-69811F10F4C5}
	EndGlobalSection
EndGlobal
